{
    "version": 3,
    "terraform_version": "0.11.8",
    "serial": 11,
    "lineage": "b37eb18c-da84-ef95-2c6a-e0168e6e9f24",
    "modules": [
        {
            "path": [
                "root"
            ],
            "outputs": {},
            "resources": {
                "aws_eip.bar": {
                    "type": "aws_eip",
                    "depends_on": [
                        "aws_instance.jenkins",
                        "aws_internet_gateway.gw"
                    ],
                    "primary": {
                        "id": "eipalloc-00becc5bf7130c974",
                        "attributes": {
                            "associate_with_private_ip": "172.31.110.176",
                            "association_id": "eipassoc-082194fc271fa5763",
                            "domain": "vpc",
                            "id": "eipalloc-00becc5bf7130c974",
                            "instance": "i-0d04589924b9367f2",
                            "network_interface": "eni-0785a7f9aa3247ee4",
                            "private_ip": "172.31.110.176",
                            "public_ip": "18.203.179.141",
                            "tags.%": "0",
                            "vpc": "true"
                        },
                        "meta": {
                            "e2bfb730-ecaa-11e6-8f88-34363bc7c4c0": {
                                "delete": 180000000000,
                                "read": 900000000000,
                                "update": 300000000000
                            }
                        },
                        "tainted": false
                    },
                    "deposed": [],
                    "provider": "provider.aws"
                },
                "aws_instance.jenkins": {
                    "type": "aws_instance",
                    "depends_on": [
                        "aws_subnet.tf_test_subnet"
                    ],
                    "primary": {
                        "id": "i-0d04589924b9367f2",
                        "attributes": {
                            "ami": "ami-0773391ae604c49a4",
                            "arn": "arn:aws:ec2:eu-west-1:572348024988:instance/i-0d04589924b9367f2",
                            "associate_public_ip_address": "true",
                            "availability_zone": "eu-west-1b",
                            "cpu_core_count": "1",
                            "cpu_threads_per_core": "1",
                            "credit_specification.#": "1",
                            "credit_specification.0.cpu_credits": "standard",
                            "disable_api_termination": "false",
                            "ebs_block_device.#": "0",
                            "ebs_optimized": "false",
                            "ephemeral_block_device.#": "0",
                            "get_password_data": "false",
                            "iam_instance_profile": "",
                            "id": "i-0d04589924b9367f2",
                            "instance_state": "running",
                            "instance_type": "t2.micro",
                            "ipv6_addresses.#": "0",
                            "key_name": "",
                            "monitoring": "false",
                            "network_interface.#": "0",
                            "network_interface_id": "eni-0785a7f9aa3247ee4",
                            "password_data": "",
                            "placement_group": "",
                            "primary_network_interface_id": "eni-0785a7f9aa3247ee4",
                            "private_dns": "ip-172-31-110-176.eu-west-1.compute.internal",
                            "private_ip": "172.31.110.176",
                            "public_dns": "ec2-18-203-179-141.eu-west-1.compute.amazonaws.com",
                            "public_ip": "18.203.179.141",
                            "root_block_device.#": "1",
                            "root_block_device.0.delete_on_termination": "true",
                            "root_block_device.0.iops": "100",
                            "root_block_device.0.volume_id": "vol-053bc95df65765fc0",
                            "root_block_device.0.volume_size": "8",
                            "root_block_device.0.volume_type": "gp2",
                            "security_groups.#": "1",
                            "security_groups.3814588639": "default",
                            "source_dest_check": "true",
                            "subnet_id": "subnet-0e3accd5ee59f22ec",
                            "tags.%": "0",
                            "tenancy": "default",
                            "volume_tags.%": "0",
                            "vpc_security_group_ids.#": "1",
                            "vpc_security_group_ids.1401513330": "sg-99a1a8e5"
                        },
                        "meta": {
                            "e2bfb730-ecaa-11e6-8f88-34363bc7c4c0": {
                                "create": 600000000000,
                                "delete": 1200000000000,
                                "update": 600000000000
                            },
                            "schema_version": "1"
                        },
                        "tainted": false
                    },
                    "deposed": [],
                    "provider": "provider.aws"
                },
                "aws_internet_gateway.gw": {
                    "type": "aws_internet_gateway",
                    "depends_on": [],
                    "primary": {
                        "id": "igw-9b4819fc",
                        "attributes": {
                            "id": "igw-9b4819fc",
                            "tags.%": "0",
                            "vpc_id": "vpc-2a193d4c"
                        },
                        "meta": {},
                        "tainted": false
                    },
                    "deposed": [],
                    "provider": "provider.aws"
                },
                "aws_key_pair.deployer": {
                    "type": "aws_key_pair",
                    "depends_on": [],
                    "primary": {
                        "id": "deployer-key",
                        "attributes": {
                            "fingerprint": "1f:0b:bd:ec:7c:97:6b:7f:d7:be:04:b2:c8:7a:e6:a9",
                            "id": "deployer-key",
                            "key_name": "deployer-key",
                            "public_key": "ssh-rsa AAAAB3NzaC1yc2EAAAADAQABAAABAQC4bDHLCaxP7iwS75E8ORbMq3SKlPt7s2q/u6o6KcyfdDmYSyrDpR2Z56NFnsjLbJ4q4oUujzb+8Kr5FAQlWkR8qV8VaVnptV0g/nB3jDk1ZvPFdkZGA6mq6QLC/WFNbGPTxMB9LThtmJuDP/oZ8yDKEGg6XHRXF/GgrAjpK2XEmv9cBFpBXZ0YrTsOjMv9aHHHIa9Ayr+v3jrBAHS8YatSnOsk/B5OYoietGxtE1FsS4iXRRdO+6C2iyOW640RU2MzHvRnwXnvEN63nAOepxlHZLTOMahDk2h0Vhb9rfkD4R83HALh4KOpmjbjjlrugfaK+XcLbYsNFGGEDh1mXm/n omolchanov@WS00MU011"
                        },
                        "meta": {
                            "schema_version": "1"
                        },
                        "tainted": false
                    },
                    "deposed": [],
                    "provider": "provider.aws"
                },
                "aws_subnet.tf_test_subnet": {
                    "type": "aws_subnet",
                    "depends_on": [
                        "aws_internet_gateway.gw",
                        "aws_vpc.default"
                    ],
                    "primary": {
                        "id": "subnet-0e3accd5ee59f22ec",
                        "attributes": {
                            "arn": "arn:aws:ec2:eu-west-1:572348024988:subnet/subnet-0e3accd5ee59f22ec",
                            "assign_ipv6_address_on_creation": "false",
                            "availability_zone": "eu-west-1b",
                            "cidr_block": "172.31.110.0/24",
                            "id": "subnet-0e3accd5ee59f22ec",
                            "map_public_ip_on_launch": "true",
                            "tags.%": "0",
                            "vpc_id": "vpc-2a193d4c"
                        },
                        "meta": {
                            "e2bfb730-ecaa-11e6-8f88-34363bc7c4c0": {
                                "create": 600000000000,
                                "delete": 600000000000
                            },
                            "schema_version": "1"
                        },
                        "tainted": false
                    },
                    "deposed": [],
                    "provider": "provider.aws"
                },
                "aws_vpc.default": {
                    "type": "aws_vpc",
                    "depends_on": [],
                    "primary": {
                        "id": "vpc-2a193d4c",
                        "attributes": {
                            "arn": "arn:aws:ec2:eu-west-1:572348024988:vpc/vpc-2a193d4c",
                            "assign_generated_ipv6_cidr_block": "false",
                            "cidr_block": "172.31.0.0/16",
                            "default_network_acl_id": "acl-9c508ee5",
                            "default_route_table_id": "rtb-2deaa554",
                            "default_security_group_id": "sg-99a1a8e5",
                            "dhcp_options_id": "dopt-6245d204",
                            "enable_classiclink": "false",
                            "enable_classiclink_dns_support": "false",
                            "enable_dns_hostnames": "true",
                            "enable_dns_support": "true",
                            "id": "vpc-2a193d4c",
                            "instance_tenancy": "default",
                            "main_route_table_id": "rtb-2deaa554",
                            "tags.%": "0"
                        },
                        "meta": {
                            "schema_version": "1"
                        },
                        "tainted": false
                    },
                    "deposed": [],
                    "provider": "provider.aws"
                },
                "data.terraform_remote_state.trs": {
                    "type": "terraform_remote_state",
                    "depends_on": [],
                    "primary": {
                        "id": "2018-10-22 15:49:16.703462552 +0000 UTC",
                        "attributes": {
                            "backend": "s3",
                            "config.%": "3",
                            "config.bucket": "mmnix",
                            "config.key": "trs/terraform.tfstate",
                            "config.region": "eu-west-1",
                            "environment": "default",
                            "id": "2018-10-22 15:49:16.703462552 +0000 UTC",
                            "workspace": "default"
                        },
                        "meta": {},
                        "tainted": false
                    },
                    "deposed": [],
                    "provider": "provider.terraform"
                }
            },
            "depends_on": []
        }
    ]
}
